
Microsoft Visual Studio Solution File, Format Version 12.00
# Visual Studio Version 16
VisualStudioVersion = 16.0.30406.217
MinimumVisualStudioVersion = 10.0.40219.1
Project("{FAE04EC0-301F-11D3-BF4B-00C04F79EFBC}") = "Math Program", "Math Program\Math Program.csproj", "{2273EA72-6320-4715-9D2A-EC6C8F05F5E2}"
EndProject
Global
	GlobalSection(SolutionConfigurationPlatforms) = preSolution
		Debug|Any CPU = Debug|Any CPU
		Release|Any CPU = Release|Any CPU
	EndGlobalSection
	GlobalSection(ProjectConfigurationPlatforms) = postSolution
		{2273EA72-6320-4715-9D2A-EC6C8F05F5E2}.Debug|Any CPU.ActiveCfg = Debug|Any CPU
		{2273EA72-6320-4715-9D2A-EC6C8F05F5E2}.Debug|Any CPU.Build.0 = Debug|Any CPU
		{2273EA72-6320-4715-9D2A-EC6C8F05F5E2}.Release|Any CPU.ActiveCfg = Release|Any CPU
		{2273EA72-6320-4715-9D2A-EC6C8F05F5E2}.Release|Any CPU.Build.0 = Release|Any CPU
	EndGlobalSection
	GlobalSection(SolutionProperties) = preSolution
		HideSolutionNode = FALSE
	EndGlobalSection
	GlobalSection(ExtensibilityGlobals) = postSolution
		SolutionGuid = {5F7D4674-7823-4069-B2FE-2FB8417AC029}
	EndGlobalSection
EndGlobal
